<?xml version="1.0" encoding="UTF-8"?>
<CONFIG>
  <ProjectOptions>
    <Version Value="12"/>
    <General>
      <Flags>
        <CompatibilityMode Value="True"/>
      </Flags>
      <SessionStorage Value="InProjectDir"/>
      <Title Value="standalone_chat"/>
      <Scaled Value="True"/>
      <ResourceType Value="res"/>
      <UseXPManifest Value="True"/>
      <Icon Value="0"/>
    </General>
    <BuildModes Count="1">
      <Item1 Name="Default" Default="True"/>
    </BuildModes>
    <PublishOptions>
      <Version Value="2"/>
      <UseFileFilters Value="True"/>
    </PublishOptions>
    <RunParams>
      <FormatVersion Value="2"/>
    </RunParams>
    <RequiredPackages Count="2">
      <Item1>
        <PackageName Value="LCL"/>
      </Item1>
      <Item2>
        <PackageName Value="TurboPowerIPro"/>
      </Item2>
    </RequiredPackages>
    <Units Count="23">
      <Unit0>
        <Filename Value="standalone_chat.lpr"/>
        <IsPartOfProject Value="True"/>
      </Unit0>
      <Unit1>
        <Filename Value="../src/ui/uFrmChat.pas"/>
        <IsPartOfProject Value="True"/>
        <ComponentName Value="FrmChat"/>
        <HasResources Value="True"/>
        <ResourceBaseClass Value="Form"/>
      </Unit1>
      <Unit2>
        <Filename Value="../src/ui/uFrmSettings.pas"/>
        <IsPartOfProject Value="True"/>
        <ComponentName Value="FrmSettings"/>
        <HasResources Value="True"/>
        <ResourceBaseClass Value="Form"/>
      </Unit2>
      <Unit3>
        <Filename Value="../src/ui/uFrmModelPicker.pas"/>
        <IsPartOfProject Value="True"/>
        <ComponentName Value="FrmModelPicker"/>
        <HasResources Value="True"/>
        <ResourceBaseClass Value="Form"/>
      </Unit3>
      <Unit4>
        <Filename Value="../src/core/uAgentTypes.pas"/>
        <IsPartOfProject Value="True"/>
      </Unit4>
      <Unit22>
        <Filename Value="../src/core/uAgentRules.pas"/>
        <IsPartOfProject Value="True"/>
      </Unit22>
      <Unit5>
        <Filename Value="../src/core/uAgentConfig.pas"/>
        <IsPartOfProject Value="True"/>
      </Unit5>
      <Unit6>
        <Filename Value="../src/core/uAgentHistory.pas"/>
        <IsPartOfProject Value="True"/>
      </Unit6>
      <Unit7>
        <Filename Value="../src/core/uAgentCore.pas"/>
        <IsPartOfProject Value="True"/>
      </Unit7>
      <Unit8>
        <Filename Value="../src/core/uAgentThread.pas"/>
        <IsPartOfProject Value="True"/>
      </Unit8>
      <Unit9>
        <Filename Value="../src/llm/uLLMClient.pas"/>
        <IsPartOfProject Value="True"/>
      </Unit9>
      <Unit10>
        <Filename Value="../src/tools/uToolBase.pas"/>
        <IsPartOfProject Value="True"/>
      </Unit10>
      <Unit11>
        <Filename Value="../src/tools/uToolFileOps.pas"/>
        <IsPartOfProject Value="True"/>
      </Unit11>
      <Unit12>
        <Filename Value="../src/ui/uFrmPlanResult.pas"/>
        <IsPartOfProject Value="True"/>
        <ComponentName Value="FrmPlanResult"/>
        <HasResources Value="True"/>
        <ResourceBaseClass Value="Form"/>
      </Unit12>
      <Unit13>
        <Filename Value="../src/ui/uMarkdownView.pas"/>
        <IsPartOfProject Value="True"/>
      </Unit13>
      <Unit14>
        <Filename Value="../src/tools/uToolPaths.pas"/>
        <IsPartOfProject Value="True"/>
      </Unit14>
      <Unit15>
        <Filename Value="../src/tools/uToolProcess.pas"/>
        <IsPartOfProject Value="True"/>
      </Unit15>
      <Unit16>
        <Filename Value="../src/tools/uToolPatch.pas"/>
        <IsPartOfProject Value="True"/>
      </Unit16>
      <Unit17>
        <Filename Value="../src/tools/uToolLocal.pas"/>
        <IsPartOfProject Value="True"/>
      </Unit17>
      <Unit18>
        <Filename Value="../src/llm/uLLMAdapter.pas"/>
        <IsPartOfProject Value="True"/>
      </Unit18>
      <Unit19>
        <Filename Value="../src/llm/uAgentContext.pas"/>
        <IsPartOfProject Value="True"/>
      </Unit19>
      <Unit20>
        <Filename Value="../src/ui/uFrmChatSession.pas"/>
        <IsPartOfProject Value="True"/>
        <ComponentName Value="FrmChatSession"/>
        <HasResources Value="True"/>
        <ResourceBaseClass Value="Frame"/>
      </Unit20>
      <Unit21>
        <Filename Value="../src/llm/uWindowsHTTP.pas"/>
        <IsPartOfProject Value="True"/>
      </Unit21>
    </Units>
  </ProjectOptions>
  <CompilerOptions>
    <Version Value="11"/>
    <Target>
      <Filename Value="bin/standalone_chat"/>
    </Target>
    <SearchPaths>
      <IncludeFiles Value="$(ProjOutDir)"/>
      <OtherUnitFiles Value="../src/core;../src/llm;../src/tools;../src/ui"/>
      <UnitOutputDirectory Value="lib/$(TargetCPU)-$(TargetOS)"/>
    </SearchPaths>
    <Linking>
      <Options>
        <Win32>
          <GraphicApplication Value="True"/>
        </Win32>
      </Options>
    </Linking>
  </CompilerOptions>
  <Debugging>
    <Exceptions Count="3">
      <Item1>
        <Name Value="EAbort"/>
      </Item1>
      <Item2>
        <Name Value="ECodetoolError"/>
      </Item2>
      <Item3>
        <Name Value="EFOpenError"/>
      </Item3>
    </Exceptions>
  </Debugging>
</CONFIG>
